
Microsoft Visual Studio Solution File, Format Version 12.00
# Visual Studio Version 17
VisualStudioVersion = 17.4.32804.182
MinimumVisualStudioVersion = 10.0.40219.1
Project("{9A19103F-16F7-4668-BE54-9A1E7A4F7556}") = "LILO-Packager", "LILO-Packager\LILO-Packager.csproj", "{C3AF61B4-3EE8-456F-B93D-14214DB6D42B}"
EndProject
Project("{9A19103F-16F7-4668-BE54-9A1E7A4F7556}") = "EncryptionLibary", "EncryptionLibary\EncryptionLibary.csproj", "{3C44ECCD-3857-496C-AF84-19AE7D434FAA}"
	ProjectSection(ProjectDependencies) = postProject
		{C3AF61B4-3EE8-456F-B93D-14214DB6D42B} = {C3AF61B4-3EE8-456F-B93D-14214DB6D42B}
	EndProjectSection
EndProject
Project("{9A19103F-16F7-4668-BE54-9A1E7A4F7556}") = "InstallHelper", "InstallHelper\InstallHelper.csproj", "{46F2BC78-73A7-4A05-B7B0-3527926CAB36}"
EndProject
Project("{FAE04EC0-301F-11D3-BF4B-00C04F79EFBC}") = "Crypterv2-DevTool", "Crypterv2-DevTool\Crypterv2-DevTool.csproj", "{D393A4CB-BF73-48C9-921B-990861EDAC7E}"
EndProject
Global
	GlobalSection(SolutionConfigurationPlatforms) = preSolution
		Debug|Any CPU = Debug|Any CPU
		Release|Any CPU = Release|Any CPU
	EndGlobalSection
	GlobalSection(ProjectConfigurationPlatforms) = postSolution
		{C3AF61B4-3EE8-456F-B93D-14214DB6D42B}.Debug|Any CPU.ActiveCfg = Debug|Any CPU
		{C3AF61B4-3EE8-456F-B93D-14214DB6D42B}.Debug|Any CPU.Build.0 = Debug|Any CPU
		{C3AF61B4-3EE8-456F-B93D-14214DB6D42B}.Release|Any CPU.ActiveCfg = Release|Any CPU
		{C3AF61B4-3EE8-456F-B93D-14214DB6D42B}.Release|Any CPU.Build.0 = Release|Any CPU
		{3C44ECCD-3857-496C-AF84-19AE7D434FAA}.Debug|Any CPU.ActiveCfg = Debug|Any CPU
		{3C44ECCD-3857-496C-AF84-19AE7D434FAA}.Debug|Any CPU.Build.0 = Debug|Any CPU
		{3C44ECCD-3857-496C-AF84-19AE7D434FAA}.Release|Any CPU.ActiveCfg = Release|Any CPU
		{3C44ECCD-3857-496C-AF84-19AE7D434FAA}.Release|Any CPU.Build.0 = Release|Any CPU
		{46F2BC78-73A7-4A05-B7B0-3527926CAB36}.Debug|Any CPU.ActiveCfg = Debug|Any CPU
		{46F2BC78-73A7-4A05-B7B0-3527926CAB36}.Debug|Any CPU.Build.0 = Debug|Any CPU
		{46F2BC78-73A7-4A05-B7B0-3527926CAB36}.Release|Any CPU.ActiveCfg = Release|Any CPU
		{46F2BC78-73A7-4A05-B7B0-3527926CAB36}.Release|Any CPU.Build.0 = Release|Any CPU
		{D393A4CB-BF73-48C9-921B-990861EDAC7E}.Debug|Any CPU.ActiveCfg = Debug|Any CPU
		{D393A4CB-BF73-48C9-921B-990861EDAC7E}.Debug|Any CPU.Build.0 = Debug|Any CPU
		{D393A4CB-BF73-48C9-921B-990861EDAC7E}.Release|Any CPU.ActiveCfg = Release|Any CPU
		{D393A4CB-BF73-48C9-921B-990861EDAC7E}.Release|Any CPU.Build.0 = Release|Any CPU
	EndGlobalSection
	GlobalSection(SolutionProperties) = preSolution
		HideSolutionNode = FALSE
	EndGlobalSection
	GlobalSection(ExtensibilityGlobals) = postSolution
		SolutionGuid = {16CB2D0B-F85A-4751-8767-FE3FA378D638}
	EndGlobalSection
EndGlobal
