
Microsoft Visual Studio Solution File, Format Version 12.00
# Visual Studio Version 17
VisualStudioVersion = 17.5.002.0
MinimumVisualStudioVersion = 10.0.40219.1
Project("{9A19103F-16F7-4668-BE54-9A1E7A4F7556}") = "Crypterv2.DevTool", "..\Crypterv2-DevTool\Crypterv2.DevTool.csproj", "{EE2D396F-409F-488A-BC55-B482CC1B6CF5}"
EndProject
Project("{9A19103F-16F7-4668-BE54-9A1E7A4F7556}") = "Crypterv2.Controls", "..\Crytperv2.Controls\Crypterv2.Controls.csproj", "{0651AECA-FB79-4804-99DC-0F2CE5E6E5C3}"
EndProject
Project("{9A19103F-16F7-4668-BE54-9A1E7A4F7556}") = "LILO-WebEngine", "..\LILO-WebEngine\LILO-WebEngine.csproj", "{16368F76-C288-4F25-B321-37B0708296C1}"
EndProject
Project("{9A19103F-16F7-4668-BE54-9A1E7A4F7556}") = "InstallHelper", "..\InstallHelper\InstallHelper.csproj", "{EF374875-0D7F-4914-8FEC-C53FDD3D368E}"
EndProject
Project("{9A19103F-16F7-4668-BE54-9A1E7A4F7556}") = "EncryptionLibary", "..\EncryptionLibary\EncryptionLibary.csproj", "{9BE47C24-385B-4F30-B382-59D04BCEBA27}"
EndProject
Project("{9A19103F-16F7-4668-BE54-9A1E7A4F7556}") = "TextPreviewLibrary", "..\TextPreviewLibrary\TextPreviewLibrary.csproj", "{1B38E238-3B91-4AC4-BF27-0D3E57DFD90B}"
EndProject
Project("{9A19103F-16F7-4668-BE54-9A1E7A4F7556}") = "WordInterpreter", "..\WordInterpreter\WordInterpreter.csproj", "{2EB014AF-4C56-45AB-86FD-50FE5B3194EA}"
EndProject
Project("{9A19103F-16F7-4668-BE54-9A1E7A4F7556}") = "LILO-Packager", "LILO-Packager.csproj", "{0F0CBC65-B4E4-40A5-AB46-3EAC43F1DFBE}"
EndProject
Global
	GlobalSection(SolutionConfigurationPlatforms) = preSolution
		Debug|Any CPU = Debug|Any CPU
		Debug|ARM = Debug|ARM
		Debug|ARM64 = Debug|ARM64
		Debug|x64 = Debug|x64
		Debug|x86 = Debug|x86
		Release|Any CPU = Release|Any CPU
		Release|ARM = Release|ARM
		Release|ARM64 = Release|ARM64
		Release|x64 = Release|x64
		Release|x86 = Release|x86
	EndGlobalSection
	GlobalSection(ProjectConfigurationPlatforms) = postSolution
		{EE2D396F-409F-488A-BC55-B482CC1B6CF5}.Debug|Any CPU.ActiveCfg = Debug|Any CPU
		{EE2D396F-409F-488A-BC55-B482CC1B6CF5}.Debug|Any CPU.Build.0 = Debug|Any CPU
		{EE2D396F-409F-488A-BC55-B482CC1B6CF5}.Debug|ARM.ActiveCfg = Debug|Any CPU
		{EE2D396F-409F-488A-BC55-B482CC1B6CF5}.Debug|ARM.Build.0 = Debug|Any CPU
		{EE2D396F-409F-488A-BC55-B482CC1B6CF5}.Debug|ARM64.ActiveCfg = Debug|Any CPU
		{EE2D396F-409F-488A-BC55-B482CC1B6CF5}.Debug|ARM64.Build.0 = Debug|Any CPU
		{EE2D396F-409F-488A-BC55-B482CC1B6CF5}.Debug|x64.ActiveCfg = Debug|Any CPU
		{EE2D396F-409F-488A-BC55-B482CC1B6CF5}.Debug|x64.Build.0 = Debug|Any CPU
		{EE2D396F-409F-488A-BC55-B482CC1B6CF5}.Debug|x86.ActiveCfg = Debug|Any CPU
		{EE2D396F-409F-488A-BC55-B482CC1B6CF5}.Debug|x86.Build.0 = Debug|Any CPU
		{EE2D396F-409F-488A-BC55-B482CC1B6CF5}.Release|Any CPU.ActiveCfg = Release|Any CPU
		{EE2D396F-409F-488A-BC55-B482CC1B6CF5}.Release|Any CPU.Build.0 = Release|Any CPU
		{EE2D396F-409F-488A-BC55-B482CC1B6CF5}.Release|ARM.ActiveCfg = Release|Any CPU
		{EE2D396F-409F-488A-BC55-B482CC1B6CF5}.Release|ARM.Build.0 = Release|Any CPU
		{EE2D396F-409F-488A-BC55-B482CC1B6CF5}.Release|ARM64.ActiveCfg = Release|Any CPU
		{EE2D396F-409F-488A-BC55-B482CC1B6CF5}.Release|ARM64.Build.0 = Release|Any CPU
		{EE2D396F-409F-488A-BC55-B482CC1B6CF5}.Release|x64.ActiveCfg = Release|Any CPU
		{EE2D396F-409F-488A-BC55-B482CC1B6CF5}.Release|x64.Build.0 = Release|Any CPU
		{EE2D396F-409F-488A-BC55-B482CC1B6CF5}.Release|x86.ActiveCfg = Release|Any CPU
		{EE2D396F-409F-488A-BC55-B482CC1B6CF5}.Release|x86.Build.0 = Release|Any CPU
		{0651AECA-FB79-4804-99DC-0F2CE5E6E5C3}.Debug|Any CPU.ActiveCfg = Debug|Any CPU
		{0651AECA-FB79-4804-99DC-0F2CE5E6E5C3}.Debug|Any CPU.Build.0 = Debug|Any CPU
		{0651AECA-FB79-4804-99DC-0F2CE5E6E5C3}.Debug|ARM.ActiveCfg = Debug|Any CPU
		{0651AECA-FB79-4804-99DC-0F2CE5E6E5C3}.Debug|ARM.Build.0 = Debug|Any CPU
		{0651AECA-FB79-4804-99DC-0F2CE5E6E5C3}.Debug|ARM64.ActiveCfg = Debug|Any CPU
		{0651AECA-FB79-4804-99DC-0F2CE5E6E5C3}.Debug|ARM64.Build.0 = Debug|Any CPU
		{0651AECA-FB79-4804-99DC-0F2CE5E6E5C3}.Debug|x64.ActiveCfg = Debug|Any CPU
		{0651AECA-FB79-4804-99DC-0F2CE5E6E5C3}.Debug|x64.Build.0 = Debug|Any CPU
		{0651AECA-FB79-4804-99DC-0F2CE5E6E5C3}.Debug|x86.ActiveCfg = Debug|Any CPU
		{0651AECA-FB79-4804-99DC-0F2CE5E6E5C3}.Debug|x86.Build.0 = Debug|Any CPU
		{0651AECA-FB79-4804-99DC-0F2CE5E6E5C3}.Release|Any CPU.ActiveCfg = Release|Any CPU
		{0651AECA-FB79-4804-99DC-0F2CE5E6E5C3}.Release|Any CPU.Build.0 = Release|Any CPU
		{0651AECA-FB79-4804-99DC-0F2CE5E6E5C3}.Release|ARM.ActiveCfg = Release|Any CPU
		{0651AECA-FB79-4804-99DC-0F2CE5E6E5C3}.Release|ARM.Build.0 = Release|Any CPU
		{0651AECA-FB79-4804-99DC-0F2CE5E6E5C3}.Release|ARM64.ActiveCfg = Release|Any CPU
		{0651AECA-FB79-4804-99DC-0F2CE5E6E5C3}.Release|ARM64.Build.0 = Release|Any CPU
		{0651AECA-FB79-4804-99DC-0F2CE5E6E5C3}.Release|x64.ActiveCfg = Release|Any CPU
		{0651AECA-FB79-4804-99DC-0F2CE5E6E5C3}.Release|x64.Build.0 = Release|Any CPU
		{0651AECA-FB79-4804-99DC-0F2CE5E6E5C3}.Release|x86.ActiveCfg = Release|Any CPU
		{0651AECA-FB79-4804-99DC-0F2CE5E6E5C3}.Release|x86.Build.0 = Release|Any CPU
		{16368F76-C288-4F25-B321-37B0708296C1}.Debug|Any CPU.ActiveCfg = Debug|Any CPU
		{16368F76-C288-4F25-B321-37B0708296C1}.Debug|Any CPU.Build.0 = Debug|Any CPU
		{16368F76-C288-4F25-B321-37B0708296C1}.Debug|ARM.ActiveCfg = Debug|Any CPU
		{16368F76-C288-4F25-B321-37B0708296C1}.Debug|ARM.Build.0 = Debug|Any CPU
		{16368F76-C288-4F25-B321-37B0708296C1}.Debug|ARM64.ActiveCfg = Debug|Any CPU
		{16368F76-C288-4F25-B321-37B0708296C1}.Debug|ARM64.Build.0 = Debug|Any CPU
		{16368F76-C288-4F25-B321-37B0708296C1}.Debug|x64.ActiveCfg = Debug|Any CPU
		{16368F76-C288-4F25-B321-37B0708296C1}.Debug|x64.Build.0 = Debug|Any CPU
		{16368F76-C288-4F25-B321-37B0708296C1}.Debug|x86.ActiveCfg = Debug|Any CPU
		{16368F76-C288-4F25-B321-37B0708296C1}.Debug|x86.Build.0 = Debug|Any CPU
		{16368F76-C288-4F25-B321-37B0708296C1}.Release|Any CPU.ActiveCfg = Release|Any CPU
		{16368F76-C288-4F25-B321-37B0708296C1}.Release|Any CPU.Build.0 = Release|Any CPU
		{16368F76-C288-4F25-B321-37B0708296C1}.Release|ARM.ActiveCfg = Release|Any CPU
		{16368F76-C288-4F25-B321-37B0708296C1}.Release|ARM.Build.0 = Release|Any CPU
		{16368F76-C288-4F25-B321-37B0708296C1}.Release|ARM64.ActiveCfg = Release|Any CPU
		{16368F76-C288-4F25-B321-37B0708296C1}.Release|ARM64.Build.0 = Release|Any CPU
		{16368F76-C288-4F25-B321-37B0708296C1}.Release|x64.ActiveCfg = Release|Any CPU
		{16368F76-C288-4F25-B321-37B0708296C1}.Release|x64.Build.0 = Release|Any CPU
		{16368F76-C288-4F25-B321-37B0708296C1}.Release|x86.ActiveCfg = Release|Any CPU
		{16368F76-C288-4F25-B321-37B0708296C1}.Release|x86.Build.0 = Release|Any CPU
		{EF374875-0D7F-4914-8FEC-C53FDD3D368E}.Debug|Any CPU.ActiveCfg = Debug|Any CPU
		{EF374875-0D7F-4914-8FEC-C53FDD3D368E}.Debug|Any CPU.Build.0 = Debug|Any CPU
		{EF374875-0D7F-4914-8FEC-C53FDD3D368E}.Debug|ARM.ActiveCfg = Debug|Any CPU
		{EF374875-0D7F-4914-8FEC-C53FDD3D368E}.Debug|ARM.Build.0 = Debug|Any CPU
		{EF374875-0D7F-4914-8FEC-C53FDD3D368E}.Debug|ARM64.ActiveCfg = Debug|Any CPU
		{EF374875-0D7F-4914-8FEC-C53FDD3D368E}.Debug|ARM64.Build.0 = Debug|Any CPU
		{EF374875-0D7F-4914-8FEC-C53FDD3D368E}.Debug|x64.ActiveCfg = Debug|Any CPU
		{EF374875-0D7F-4914-8FEC-C53FDD3D368E}.Debug|x64.Build.0 = Debug|Any CPU
		{EF374875-0D7F-4914-8FEC-C53FDD3D368E}.Debug|x86.ActiveCfg = Debug|Any CPU
		{EF374875-0D7F-4914-8FEC-C53FDD3D368E}.Debug|x86.Build.0 = Debug|Any CPU
		{EF374875-0D7F-4914-8FEC-C53FDD3D368E}.Release|Any CPU.ActiveCfg = Release|Any CPU
		{EF374875-0D7F-4914-8FEC-C53FDD3D368E}.Release|Any CPU.Build.0 = Release|Any CPU
		{EF374875-0D7F-4914-8FEC-C53FDD3D368E}.Release|ARM.ActiveCfg = Release|Any CPU
		{EF374875-0D7F-4914-8FEC-C53FDD3D368E}.Release|ARM.Build.0 = Release|Any CPU
		{EF374875-0D7F-4914-8FEC-C53FDD3D368E}.Release|ARM64.ActiveCfg = Release|Any CPU
		{EF374875-0D7F-4914-8FEC-C53FDD3D368E}.Release|ARM64.Build.0 = Release|Any CPU
		{EF374875-0D7F-4914-8FEC-C53FDD3D368E}.Release|x64.ActiveCfg = Release|Any CPU
		{EF374875-0D7F-4914-8FEC-C53FDD3D368E}.Release|x64.Build.0 = Release|Any CPU
		{EF374875-0D7F-4914-8FEC-C53FDD3D368E}.Release|x86.ActiveCfg = Release|Any CPU
		{EF374875-0D7F-4914-8FEC-C53FDD3D368E}.Release|x86.Build.0 = Release|Any CPU
		{9BE47C24-385B-4F30-B382-59D04BCEBA27}.Debug|Any CPU.ActiveCfg = Debug|Any CPU
		{9BE47C24-385B-4F30-B382-59D04BCEBA27}.Debug|Any CPU.Build.0 = Debug|Any CPU
		{9BE47C24-385B-4F30-B382-59D04BCEBA27}.Debug|ARM.ActiveCfg = Debug|Any CPU
		{9BE47C24-385B-4F30-B382-59D04BCEBA27}.Debug|ARM.Build.0 = Debug|Any CPU
		{9BE47C24-385B-4F30-B382-59D04BCEBA27}.Debug|ARM64.ActiveCfg = Debug|Any CPU
		{9BE47C24-385B-4F30-B382-59D04BCEBA27}.Debug|ARM64.Build.0 = Debug|Any CPU
		{9BE47C24-385B-4F30-B382-59D04BCEBA27}.Debug|x64.ActiveCfg = Debug|Any CPU
		{9BE47C24-385B-4F30-B382-59D04BCEBA27}.Debug|x64.Build.0 = Debug|Any CPU
		{9BE47C24-385B-4F30-B382-59D04BCEBA27}.Debug|x86.ActiveCfg = Debug|Any CPU
		{9BE47C24-385B-4F30-B382-59D04BCEBA27}.Debug|x86.Build.0 = Debug|Any CPU
		{9BE47C24-385B-4F30-B382-59D04BCEBA27}.Release|Any CPU.ActiveCfg = Release|Any CPU
		{9BE47C24-385B-4F30-B382-59D04BCEBA27}.Release|Any CPU.Build.0 = Release|Any CPU
		{9BE47C24-385B-4F30-B382-59D04BCEBA27}.Release|ARM.ActiveCfg = Release|Any CPU
		{9BE47C24-385B-4F30-B382-59D04BCEBA27}.Release|ARM.Build.0 = Release|Any CPU
		{9BE47C24-385B-4F30-B382-59D04BCEBA27}.Release|ARM64.ActiveCfg = Release|Any CPU
		{9BE47C24-385B-4F30-B382-59D04BCEBA27}.Release|ARM64.Build.0 = Release|Any CPU
		{9BE47C24-385B-4F30-B382-59D04BCEBA27}.Release|x64.ActiveCfg = Release|Any CPU
		{9BE47C24-385B-4F30-B382-59D04BCEBA27}.Release|x64.Build.0 = Release|Any CPU
		{9BE47C24-385B-4F30-B382-59D04BCEBA27}.Release|x86.ActiveCfg = Release|Any CPU
		{9BE47C24-385B-4F30-B382-59D04BCEBA27}.Release|x86.Build.0 = Release|Any CPU
		{1B38E238-3B91-4AC4-BF27-0D3E57DFD90B}.Debug|Any CPU.ActiveCfg = Debug|Any CPU
		{1B38E238-3B91-4AC4-BF27-0D3E57DFD90B}.Debug|Any CPU.Build.0 = Debug|Any CPU
		{1B38E238-3B91-4AC4-BF27-0D3E57DFD90B}.Debug|ARM.ActiveCfg = Debug|Any CPU
		{1B38E238-3B91-4AC4-BF27-0D3E57DFD90B}.Debug|ARM.Build.0 = Debug|Any CPU
		{1B38E238-3B91-4AC4-BF27-0D3E57DFD90B}.Debug|ARM64.ActiveCfg = Debug|Any CPU
		{1B38E238-3B91-4AC4-BF27-0D3E57DFD90B}.Debug|ARM64.Build.0 = Debug|Any CPU
		{1B38E238-3B91-4AC4-BF27-0D3E57DFD90B}.Debug|x64.ActiveCfg = Debug|Any CPU
		{1B38E238-3B91-4AC4-BF27-0D3E57DFD90B}.Debug|x64.Build.0 = Debug|Any CPU
		{1B38E238-3B91-4AC4-BF27-0D3E57DFD90B}.Debug|x86.ActiveCfg = Debug|Any CPU
		{1B38E238-3B91-4AC4-BF27-0D3E57DFD90B}.Debug|x86.Build.0 = Debug|Any CPU
		{1B38E238-3B91-4AC4-BF27-0D3E57DFD90B}.Release|Any CPU.ActiveCfg = Release|Any CPU
		{1B38E238-3B91-4AC4-BF27-0D3E57DFD90B}.Release|Any CPU.Build.0 = Release|Any CPU
		{1B38E238-3B91-4AC4-BF27-0D3E57DFD90B}.Release|ARM.ActiveCfg = Release|Any CPU
		{1B38E238-3B91-4AC4-BF27-0D3E57DFD90B}.Release|ARM.Build.0 = Release|Any CPU
		{1B38E238-3B91-4AC4-BF27-0D3E57DFD90B}.Release|ARM64.ActiveCfg = Release|Any CPU
		{1B38E238-3B91-4AC4-BF27-0D3E57DFD90B}.Release|ARM64.Build.0 = Release|Any CPU
		{1B38E238-3B91-4AC4-BF27-0D3E57DFD90B}.Release|x64.ActiveCfg = Release|Any CPU
		{1B38E238-3B91-4AC4-BF27-0D3E57DFD90B}.Release|x64.Build.0 = Release|Any CPU
		{1B38E238-3B91-4AC4-BF27-0D3E57DFD90B}.Release|x86.ActiveCfg = Release|Any CPU
		{1B38E238-3B91-4AC4-BF27-0D3E57DFD90B}.Release|x86.Build.0 = Release|Any CPU
		{2EB014AF-4C56-45AB-86FD-50FE5B3194EA}.Debug|Any CPU.ActiveCfg = Debug|Any CPU
		{2EB014AF-4C56-45AB-86FD-50FE5B3194EA}.Debug|Any CPU.Build.0 = Debug|Any CPU
		{2EB014AF-4C56-45AB-86FD-50FE5B3194EA}.Debug|ARM.ActiveCfg = Debug|Any CPU
		{2EB014AF-4C56-45AB-86FD-50FE5B3194EA}.Debug|ARM.Build.0 = Debug|Any CPU
		{2EB014AF-4C56-45AB-86FD-50FE5B3194EA}.Debug|ARM64.ActiveCfg = Debug|Any CPU
		{2EB014AF-4C56-45AB-86FD-50FE5B3194EA}.Debug|ARM64.Build.0 = Debug|Any CPU
		{2EB014AF-4C56-45AB-86FD-50FE5B3194EA}.Debug|x64.ActiveCfg = Debug|Any CPU
		{2EB014AF-4C56-45AB-86FD-50FE5B3194EA}.Debug|x64.Build.0 = Debug|Any CPU
		{2EB014AF-4C56-45AB-86FD-50FE5B3194EA}.Debug|x86.ActiveCfg = Debug|Any CPU
		{2EB014AF-4C56-45AB-86FD-50FE5B3194EA}.Debug|x86.Build.0 = Debug|Any CPU
		{2EB014AF-4C56-45AB-86FD-50FE5B3194EA}.Release|Any CPU.ActiveCfg = Release|Any CPU
		{2EB014AF-4C56-45AB-86FD-50FE5B3194EA}.Release|Any CPU.Build.0 = Release|Any CPU
		{2EB014AF-4C56-45AB-86FD-50FE5B3194EA}.Release|ARM.ActiveCfg = Release|Any CPU
		{2EB014AF-4C56-45AB-86FD-50FE5B3194EA}.Release|ARM.Build.0 = Release|Any CPU
		{2EB014AF-4C56-45AB-86FD-50FE5B3194EA}.Release|ARM64.ActiveCfg = Release|Any CPU
		{2EB014AF-4C56-45AB-86FD-50FE5B3194EA}.Release|ARM64.Build.0 = Release|Any CPU
		{2EB014AF-4C56-45AB-86FD-50FE5B3194EA}.Release|x64.ActiveCfg = Release|Any CPU
		{2EB014AF-4C56-45AB-86FD-50FE5B3194EA}.Release|x64.Build.0 = Release|Any CPU
		{2EB014AF-4C56-45AB-86FD-50FE5B3194EA}.Release|x86.ActiveCfg = Release|Any CPU
		{2EB014AF-4C56-45AB-86FD-50FE5B3194EA}.Release|x86.Build.0 = Release|Any CPU
		{0F0CBC65-B4E4-40A5-AB46-3EAC43F1DFBE}.Debug|Any CPU.ActiveCfg = Debug|Any CPU
		{0F0CBC65-B4E4-40A5-AB46-3EAC43F1DFBE}.Debug|Any CPU.Build.0 = Debug|Any CPU
		{0F0CBC65-B4E4-40A5-AB46-3EAC43F1DFBE}.Debug|ARM.ActiveCfg = Debug|Any CPU
		{0F0CBC65-B4E4-40A5-AB46-3EAC43F1DFBE}.Debug|ARM.Build.0 = Debug|Any CPU
		{0F0CBC65-B4E4-40A5-AB46-3EAC43F1DFBE}.Debug|ARM64.ActiveCfg = Debug|Any CPU
		{0F0CBC65-B4E4-40A5-AB46-3EAC43F1DFBE}.Debug|ARM64.Build.0 = Debug|Any CPU
		{0F0CBC65-B4E4-40A5-AB46-3EAC43F1DFBE}.Debug|x64.ActiveCfg = Debug|x64
		{0F0CBC65-B4E4-40A5-AB46-3EAC43F1DFBE}.Debug|x64.Build.0 = Debug|x64
		{0F0CBC65-B4E4-40A5-AB46-3EAC43F1DFBE}.Debug|x86.ActiveCfg = Debug|Any CPU
		{0F0CBC65-B4E4-40A5-AB46-3EAC43F1DFBE}.Debug|x86.Build.0 = Debug|Any CPU
		{0F0CBC65-B4E4-40A5-AB46-3EAC43F1DFBE}.Release|Any CPU.ActiveCfg = Release|Any CPU
		{0F0CBC65-B4E4-40A5-AB46-3EAC43F1DFBE}.Release|Any CPU.Build.0 = Release|Any CPU
		{0F0CBC65-B4E4-40A5-AB46-3EAC43F1DFBE}.Release|ARM.ActiveCfg = Release|Any CPU
		{0F0CBC65-B4E4-40A5-AB46-3EAC43F1DFBE}.Release|ARM.Build.0 = Release|Any CPU
		{0F0CBC65-B4E4-40A5-AB46-3EAC43F1DFBE}.Release|ARM64.ActiveCfg = Release|Any CPU
		{0F0CBC65-B4E4-40A5-AB46-3EAC43F1DFBE}.Release|ARM64.Build.0 = Release|Any CPU
		{0F0CBC65-B4E4-40A5-AB46-3EAC43F1DFBE}.Release|x64.ActiveCfg = Release|x64
		{0F0CBC65-B4E4-40A5-AB46-3EAC43F1DFBE}.Release|x64.Build.0 = Release|x64
		{0F0CBC65-B4E4-40A5-AB46-3EAC43F1DFBE}.Release|x86.ActiveCfg = Release|Any CPU
		{0F0CBC65-B4E4-40A5-AB46-3EAC43F1DFBE}.Release|x86.Build.0 = Release|Any CPU
	EndGlobalSection
	GlobalSection(SolutionProperties) = preSolution
		HideSolutionNode = FALSE
	EndGlobalSection
	GlobalSection(ExtensibilityGlobals) = postSolution
		SolutionGuid = {7F572D78-4616-4D3C-AAFC-5F6A9BF600A5}
	EndGlobalSection
EndGlobal
